
Microsoft Visual Studio Solution File, Format Version 12.00
# Visual Studio Version 17
VisualStudioVersion = 17.1.32319.34
MinimumVisualStudioVersion = 10.0.40219.1
Project("{2150E333-8FDC-42A3-9474-1A3956D46DE8}") = "Src", "Src", "{2C855623-C735-4A5F-92F2-471E2DB49458}"
EndProject
Project("{2150E333-8FDC-42A3-9474-1A3956D46DE8}") = "BackEnd", "BackEnd", "{1A83A607-9ED5-4EE0-854C-05C0EA377FD2}"
EndProject
Project("{2150E333-8FDC-42A3-9474-1A3956D46DE8}") = "Gateways", "Gateways", "{C59F0C16-EA67-48C4-B4C2-8153C6E94AAE}"
EndProject
Project("{9A19103F-16F7-4668-BE54-9A1E7A4F7556}") = "ApiGateway", "Src\BackEnd\Gateways\ApiGateway\ApiGateway.csproj", "{C998567F-75DF-4585-85E1-12507DD3211D}"
EndProject
Project("{9A19103F-16F7-4668-BE54-9A1E7A4F7556}") = "EnterpriseManagementSystem.Contracts", "Src\Shared\EnterpriseManagementSystem.Contracts\EnterpriseManagementSystem.Contracts.csproj", "{AF53AE7E-1B17-4AC0-BA9F-230167D8E3E0}"
EndProject
Project("{9A19103F-16F7-4668-BE54-9A1E7A4F7556}") = "EnterpriseManagementSystem.JwtAuthorization", "Src\Shared\EnterpriseManagementSystem.JwtAuthorization\EnterpriseManagementSystem.JwtAuthorization.csproj", "{821A4D50-186F-48B8-94A2-28FCEC67D89B}"
EndProject
Project("{9A19103F-16F7-4668-BE54-9A1E7A4F7556}") = "EnterpriseManagementSystem.BusinessModels", "Src\Shared\EnterpriseManagementSystem.BusinessModels\EnterpriseManagementSystem.BusinessModels.csproj", "{7AA2F3C6-3216-402B-B6D8-0BEA282C4C0C}"
EndProject
Project("{2150E333-8FDC-42A3-9474-1A3956D46DE8}") = "FrontEnd", "FrontEnd", "{89010619-BD5C-4108-92FF-B1012D8DF6A6}"
EndProject
Project("{9A19103F-16F7-4668-BE54-9A1E7A4F7556}") = "AdminBlazorApp", "Src\FrontEnd\AdminBlazorApp\AdminBlazorApp.csproj", "{0A75A451-8DBC-49D9-B36F-F7032B72900C}"
EndProject
Project("{9A19103F-16F7-4668-BE54-9A1E7A4F7556}") = "EnterpriseManagementSystem.MessageBroker", "Src\Shared\EnterpriseManagementSystem.MessageBroker\EnterpriseManagementSystem.MessageBroker.csproj", "{85DD6067-2E88-485C-BAD5-3AA1805B58AD}"
EndProject
Project("{9A19103F-16F7-4668-BE54-9A1E7A4F7556}") = "EnterpriseManagementSystem.Logging", "Src\Shared\EnterpriseManagementSystem.Logging\EnterpriseManagementSystem.Logging.csproj", "{9FE2754D-D2C1-4430-B0B8-831D8B0ABC87}"
EndProject
Project("{9A19103F-16F7-4668-BE54-9A1E7A4F7556}") = "EnterpriseManagementSystem.Helpers", "Src\Shared\EnterpriseManagementSystem.Helpers\EnterpriseManagementSystem.Helpers.csproj", "{EECF6F21-E188-4A98-8920-3C88AF83C3EF}"
EndProject
Project("{9A19103F-16F7-4668-BE54-9A1E7A4F7556}") = "EnterpriseManagementSystem.Cache", "Src\Shared\EnterpriseManagementSystem.Cache\EnterpriseManagementSystem.Cache.csproj", "{34C996EE-E2C4-4929-A09A-896DAE13EF41}"
EndProject
Project("{2150E333-8FDC-42A3-9474-1A3956D46DE8}") = "ApiServices", "ApiServices", "{5C5F6EF3-19E2-4C3A-8A75-0C669676C167}"
EndProject
Project("{2150E333-8FDC-42A3-9474-1A3956D46DE8}") = "IdentityService", "IdentityService", "{2CA9C8CF-3658-4557-BB3C-771A5E7B7A92}"
EndProject
Project("{9A19103F-16F7-4668-BE54-9A1E7A4F7556}") = "IdentityService.Infrastructure", "Src\BackEnd\ApiServices\IdentityService\IdentityService.Infrastructure\IdentityService.Infrastructure.csproj", "{50217222-78C2-4692-BFB1-FD4E4B5AA4B3}"
EndProject
Project("{9A19103F-16F7-4668-BE54-9A1E7A4F7556}") = "IdentityService.Core", "Src\BackEnd\ApiServices\IdentityService\IdentityService.Core\IdentityService.Core.csproj", "{DBF4DB4C-4CBC-4A85-8347-45B0A240A634}"
EndProject
Project("{9A19103F-16F7-4668-BE54-9A1E7A4F7556}") = "IdentityService.Application", "Src\BackEnd\ApiServices\IdentityService\IdentityService.Application\IdentityService.Application.csproj", "{93BEBB9C-46D6-4D46-BB6A-4B2B30C71ACA}"
EndProject
Project("{9A19103F-16F7-4668-BE54-9A1E7A4F7556}") = "IdentityService.WebApi", "Src\BackEnd\ApiServices\IdentityService\IdentityService.WebApi\IdentityService.WebApi.csproj", "{E1CD675C-2700-43EC-81FB-0BC4772F3960}"
EndProject
Project("{2150E333-8FDC-42A3-9474-1A3956D46DE8}") = "UserService", "UserService", "{CB5B0950-4E86-4680-A99E-0E336DE8301C}"
EndProject
Project("{9A19103F-16F7-4668-BE54-9A1E7A4F7556}") = "UserService.Core", "Src\BackEnd\ApiServices\UserService\UserService.Core\UserService.Core.csproj", "{39EA42C4-8B28-4E13-A55F-4CE1A0F49379}"
EndProject
Project("{9A19103F-16F7-4668-BE54-9A1E7A4F7556}") = "UserService.Application", "Src\BackEnd\ApiServices\UserService\UserService.Application\UserService.Application.csproj", "{407E8F1C-6C28-4E37-9813-66C2C0F63EB4}"
EndProject
Project("{9A19103F-16F7-4668-BE54-9A1E7A4F7556}") = "UserService.Infrastructure", "Src\BackEnd\ApiServices\UserService\UserService.Infrastructure\UserService.Infrastructure.csproj", "{CEFAB121-4054-4F9F-A4F6-CFB3BCE721B8}"
EndProject
Project("{9A19103F-16F7-4668-BE54-9A1E7A4F7556}") = "UserService.WebApi", "Src\BackEnd\ApiServices\UserService\UserService.WebApi\UserService.WebApi.csproj", "{70AA0CE8-7743-4708-8B78-795B1A74EBCD}"
EndProject
Project("{9A19103F-16F7-4668-BE54-9A1E7A4F7556}") = "TaskService.Core", "Src\BackEnd\ApiServices\TaskService\TaskService.Core\TaskService.Core.csproj", "{A77AC5FC-35C6-4C0D-B547-BA2753BFBFC4}"
EndProject
Project("{2150E333-8FDC-42A3-9474-1A3956D46DE8}") = "TaskService", "TaskService", "{4412EA5B-9EDB-409A-A798-38991BD985E2}"
EndProject
Project("{9A19103F-16F7-4668-BE54-9A1E7A4F7556}") = "TaskService.Application", "Src\BackEnd\ApiServices\TaskService\TaskService.Application\TaskService.Application.csproj", "{96C6BA78-57FD-4694-82B5-7C9E46BE155B}"
EndProject
Project("{9A19103F-16F7-4668-BE54-9A1E7A4F7556}") = "TaskService.Infrastructure", "Src\BackEnd\ApiServices\TaskService\TaskService.Infrastructure\TaskService.Infrastructure.csproj", "{1C36CE73-9552-4856-BB20-DA4ECF92C4A7}"
EndProject
Project("{9A19103F-16F7-4668-BE54-9A1E7A4F7556}") = "TaskService.WebApi", "Src\BackEnd\ApiServices\TaskService\TaskService.WebApi\TaskService.WebApi.csproj", "{1BECD742-1413-4553-B6CC-78E46447E8AE}"
EndProject
Project("{2150E333-8FDC-42A3-9474-1A3956D46DE8}") = "Services", "Services", "{8E6809F7-5FF4-4CE6-907F-B2FC93F237A7}"
EndProject
Project("{E53339B2-1760-4266-BCC7-CA923CBCF16C}") = "docker-compose", "docker-compose.dcproj", "{184978BC-5BAB-41D9-902A-6D630012BE03}"
EndProject
Project("{2150E333-8FDC-42A3-9474-1A3956D46DE8}") = "Shared", "Shared", "{178D8D87-14C6-4E85-A079-2A95788054A3}"
EndProject
Project("{FAE04EC0-301F-11D3-BF4B-00C04F79EFBC}") = "EnterpriseManagementSystem.BusinessModels.Tests", "Src\Shared\EnterpriseManagementSystem.BusinessModels.Tests\EnterpriseManagementSystem.BusinessModels.Tests.csproj", "{611B0E93-5A3C-413F-A1E9-6FACB21D383D}"
EndProject
Project("{FAE04EC0-301F-11D3-BF4B-00C04F79EFBC}") = "EnterpriseManagementSystem.Contracts.Tests", "Src\Shared\EnterpriseManagementSystem.Contracts.Tests\EnterpriseManagementSystem.Contracts.Tests.csproj", "{E92617D3-361E-4DFF-A560-54D965A9F17D}"
EndProject
Project("{FAE04EC0-301F-11D3-BF4B-00C04F79EFBC}") = "EnterpriseManagementSystem.Cache.Tests", "Src\Shared\EnterpriseManagementSystem.Cache.Tests\EnterpriseManagementSystem.Cache.Tests.csproj", "{B75A0056-F8B3-4449-A3AB-52704DB0F159}"
EndProject
Project("{FAE04EC0-301F-11D3-BF4B-00C04F79EFBC}") = "LoggingService", "Src\BackEnd\Services\LoggingService\LoggingService.csproj", "{E55A6220-F7B7-48E4-ACDE-6743D9D60114}"
EndProject
Project("{FAE04EC0-301F-11D3-BF4B-00C04F79EFBC}") = "EnterpriseManagementSystem.Logging.Tests", "Src\Shared\EnterpriseManagementSystem.Logging.Tests\EnterpriseManagementSystem.Logging.Tests.csproj", "{81DF50B8-5DBB-4C1F-ACC0-D1C69259FCAC}"
EndProject
Global
	GlobalSection(SolutionConfigurationPlatforms) = preSolution
		Debug|Any CPU = Debug|Any CPU
		Release|Any CPU = Release|Any CPU
	EndGlobalSection
	GlobalSection(ProjectConfigurationPlatforms) = postSolution
		{C998567F-75DF-4585-85E1-12507DD3211D}.Debug|Any CPU.ActiveCfg = Debug|Any CPU
		{C998567F-75DF-4585-85E1-12507DD3211D}.Debug|Any CPU.Build.0 = Debug|Any CPU
		{C998567F-75DF-4585-85E1-12507DD3211D}.Release|Any CPU.ActiveCfg = Release|Any CPU
		{C998567F-75DF-4585-85E1-12507DD3211D}.Release|Any CPU.Build.0 = Release|Any CPU
		{AF53AE7E-1B17-4AC0-BA9F-230167D8E3E0}.Debug|Any CPU.ActiveCfg = Debug|Any CPU
		{AF53AE7E-1B17-4AC0-BA9F-230167D8E3E0}.Debug|Any CPU.Build.0 = Debug|Any CPU
		{AF53AE7E-1B17-4AC0-BA9F-230167D8E3E0}.Release|Any CPU.ActiveCfg = Release|Any CPU
		{AF53AE7E-1B17-4AC0-BA9F-230167D8E3E0}.Release|Any CPU.Build.0 = Release|Any CPU
		{821A4D50-186F-48B8-94A2-28FCEC67D89B}.Debug|Any CPU.ActiveCfg = Debug|Any CPU
		{821A4D50-186F-48B8-94A2-28FCEC67D89B}.Debug|Any CPU.Build.0 = Debug|Any CPU
		{821A4D50-186F-48B8-94A2-28FCEC67D89B}.Release|Any CPU.ActiveCfg = Release|Any CPU
		{821A4D50-186F-48B8-94A2-28FCEC67D89B}.Release|Any CPU.Build.0 = Release|Any CPU
		{7AA2F3C6-3216-402B-B6D8-0BEA282C4C0C}.Debug|Any CPU.ActiveCfg = Debug|Any CPU
		{7AA2F3C6-3216-402B-B6D8-0BEA282C4C0C}.Debug|Any CPU.Build.0 = Debug|Any CPU
		{7AA2F3C6-3216-402B-B6D8-0BEA282C4C0C}.Release|Any CPU.ActiveCfg = Release|Any CPU
		{7AA2F3C6-3216-402B-B6D8-0BEA282C4C0C}.Release|Any CPU.Build.0 = Release|Any CPU
		{0A75A451-8DBC-49D9-B36F-F7032B72900C}.Debug|Any CPU.ActiveCfg = Debug|Any CPU
		{0A75A451-8DBC-49D9-B36F-F7032B72900C}.Debug|Any CPU.Build.0 = Debug|Any CPU
		{0A75A451-8DBC-49D9-B36F-F7032B72900C}.Release|Any CPU.ActiveCfg = Release|Any CPU
		{0A75A451-8DBC-49D9-B36F-F7032B72900C}.Release|Any CPU.Build.0 = Release|Any CPU
		{85DD6067-2E88-485C-BAD5-3AA1805B58AD}.Debug|Any CPU.ActiveCfg = Debug|Any CPU
		{85DD6067-2E88-485C-BAD5-3AA1805B58AD}.Debug|Any CPU.Build.0 = Debug|Any CPU
		{85DD6067-2E88-485C-BAD5-3AA1805B58AD}.Release|Any CPU.ActiveCfg = Release|Any CPU
		{85DD6067-2E88-485C-BAD5-3AA1805B58AD}.Release|Any CPU.Build.0 = Release|Any CPU
		{9FE2754D-D2C1-4430-B0B8-831D8B0ABC87}.Debug|Any CPU.ActiveCfg = Debug|Any CPU
		{9FE2754D-D2C1-4430-B0B8-831D8B0ABC87}.Debug|Any CPU.Build.0 = Debug|Any CPU
		{9FE2754D-D2C1-4430-B0B8-831D8B0ABC87}.Release|Any CPU.ActiveCfg = Release|Any CPU
		{9FE2754D-D2C1-4430-B0B8-831D8B0ABC87}.Release|Any CPU.Build.0 = Release|Any CPU
		{EECF6F21-E188-4A98-8920-3C88AF83C3EF}.Debug|Any CPU.ActiveCfg = Debug|Any CPU
		{EECF6F21-E188-4A98-8920-3C88AF83C3EF}.Debug|Any CPU.Build.0 = Debug|Any CPU
		{EECF6F21-E188-4A98-8920-3C88AF83C3EF}.Release|Any CPU.ActiveCfg = Release|Any CPU
		{EECF6F21-E188-4A98-8920-3C88AF83C3EF}.Release|Any CPU.Build.0 = Release|Any CPU
		{34C996EE-E2C4-4929-A09A-896DAE13EF41}.Debug|Any CPU.ActiveCfg = Debug|Any CPU
		{34C996EE-E2C4-4929-A09A-896DAE13EF41}.Debug|Any CPU.Build.0 = Debug|Any CPU
		{34C996EE-E2C4-4929-A09A-896DAE13EF41}.Release|Any CPU.ActiveCfg = Release|Any CPU
		{34C996EE-E2C4-4929-A09A-896DAE13EF41}.Release|Any CPU.Build.0 = Release|Any CPU
		{50217222-78C2-4692-BFB1-FD4E4B5AA4B3}.Debug|Any CPU.ActiveCfg = Debug|Any CPU
		{50217222-78C2-4692-BFB1-FD4E4B5AA4B3}.Debug|Any CPU.Build.0 = Debug|Any CPU
		{50217222-78C2-4692-BFB1-FD4E4B5AA4B3}.Release|Any CPU.ActiveCfg = Release|Any CPU
		{50217222-78C2-4692-BFB1-FD4E4B5AA4B3}.Release|Any CPU.Build.0 = Release|Any CPU
		{DBF4DB4C-4CBC-4A85-8347-45B0A240A634}.Debug|Any CPU.ActiveCfg = Debug|Any CPU
		{DBF4DB4C-4CBC-4A85-8347-45B0A240A634}.Debug|Any CPU.Build.0 = Debug|Any CPU
		{DBF4DB4C-4CBC-4A85-8347-45B0A240A634}.Release|Any CPU.ActiveCfg = Release|Any CPU
		{DBF4DB4C-4CBC-4A85-8347-45B0A240A634}.Release|Any CPU.Build.0 = Release|Any CPU
		{93BEBB9C-46D6-4D46-BB6A-4B2B30C71ACA}.Debug|Any CPU.ActiveCfg = Debug|Any CPU
		{93BEBB9C-46D6-4D46-BB6A-4B2B30C71ACA}.Debug|Any CPU.Build.0 = Debug|Any CPU
		{93BEBB9C-46D6-4D46-BB6A-4B2B30C71ACA}.Release|Any CPU.ActiveCfg = Release|Any CPU
		{93BEBB9C-46D6-4D46-BB6A-4B2B30C71ACA}.Release|Any CPU.Build.0 = Release|Any CPU
		{E1CD675C-2700-43EC-81FB-0BC4772F3960}.Debug|Any CPU.ActiveCfg = Debug|Any CPU
		{E1CD675C-2700-43EC-81FB-0BC4772F3960}.Debug|Any CPU.Build.0 = Debug|Any CPU
		{E1CD675C-2700-43EC-81FB-0BC4772F3960}.Release|Any CPU.ActiveCfg = Release|Any CPU
		{E1CD675C-2700-43EC-81FB-0BC4772F3960}.Release|Any CPU.Build.0 = Release|Any CPU
		{39EA42C4-8B28-4E13-A55F-4CE1A0F49379}.Debug|Any CPU.ActiveCfg = Debug|Any CPU
		{39EA42C4-8B28-4E13-A55F-4CE1A0F49379}.Debug|Any CPU.Build.0 = Debug|Any CPU
		{39EA42C4-8B28-4E13-A55F-4CE1A0F49379}.Release|Any CPU.ActiveCfg = Release|Any CPU
		{39EA42C4-8B28-4E13-A55F-4CE1A0F49379}.Release|Any CPU.Build.0 = Release|Any CPU
		{407E8F1C-6C28-4E37-9813-66C2C0F63EB4}.Debug|Any CPU.ActiveCfg = Debug|Any CPU
		{407E8F1C-6C28-4E37-9813-66C2C0F63EB4}.Debug|Any CPU.Build.0 = Debug|Any CPU
		{407E8F1C-6C28-4E37-9813-66C2C0F63EB4}.Release|Any CPU.ActiveCfg = Release|Any CPU
		{407E8F1C-6C28-4E37-9813-66C2C0F63EB4}.Release|Any CPU.Build.0 = Release|Any CPU
		{CEFAB121-4054-4F9F-A4F6-CFB3BCE721B8}.Debug|Any CPU.ActiveCfg = Debug|Any CPU
		{CEFAB121-4054-4F9F-A4F6-CFB3BCE721B8}.Debug|Any CPU.Build.0 = Debug|Any CPU
		{CEFAB121-4054-4F9F-A4F6-CFB3BCE721B8}.Release|Any CPU.ActiveCfg = Release|Any CPU
		{CEFAB121-4054-4F9F-A4F6-CFB3BCE721B8}.Release|Any CPU.Build.0 = Release|Any CPU
		{70AA0CE8-7743-4708-8B78-795B1A74EBCD}.Debug|Any CPU.ActiveCfg = Debug|Any CPU
		{70AA0CE8-7743-4708-8B78-795B1A74EBCD}.Debug|Any CPU.Build.0 = Debug|Any CPU
		{70AA0CE8-7743-4708-8B78-795B1A74EBCD}.Release|Any CPU.ActiveCfg = Release|Any CPU
		{70AA0CE8-7743-4708-8B78-795B1A74EBCD}.Release|Any CPU.Build.0 = Release|Any CPU
		{A77AC5FC-35C6-4C0D-B547-BA2753BFBFC4}.Debug|Any CPU.ActiveCfg = Debug|Any CPU
		{A77AC5FC-35C6-4C0D-B547-BA2753BFBFC4}.Debug|Any CPU.Build.0 = Debug|Any CPU
		{A77AC5FC-35C6-4C0D-B547-BA2753BFBFC4}.Release|Any CPU.ActiveCfg = Release|Any CPU
		{A77AC5FC-35C6-4C0D-B547-BA2753BFBFC4}.Release|Any CPU.Build.0 = Release|Any CPU
		{96C6BA78-57FD-4694-82B5-7C9E46BE155B}.Debug|Any CPU.ActiveCfg = Debug|Any CPU
		{96C6BA78-57FD-4694-82B5-7C9E46BE155B}.Debug|Any CPU.Build.0 = Debug|Any CPU
		{96C6BA78-57FD-4694-82B5-7C9E46BE155B}.Release|Any CPU.ActiveCfg = Release|Any CPU
		{96C6BA78-57FD-4694-82B5-7C9E46BE155B}.Release|Any CPU.Build.0 = Release|Any CPU
		{1C36CE73-9552-4856-BB20-DA4ECF92C4A7}.Debug|Any CPU.ActiveCfg = Debug|Any CPU
		{1C36CE73-9552-4856-BB20-DA4ECF92C4A7}.Debug|Any CPU.Build.0 = Debug|Any CPU
		{1C36CE73-9552-4856-BB20-DA4ECF92C4A7}.Release|Any CPU.ActiveCfg = Release|Any CPU
		{1C36CE73-9552-4856-BB20-DA4ECF92C4A7}.Release|Any CPU.Build.0 = Release|Any CPU
		{1BECD742-1413-4553-B6CC-78E46447E8AE}.Debug|Any CPU.ActiveCfg = Debug|Any CPU
		{1BECD742-1413-4553-B6CC-78E46447E8AE}.Debug|Any CPU.Build.0 = Debug|Any CPU
		{1BECD742-1413-4553-B6CC-78E46447E8AE}.Release|Any CPU.ActiveCfg = Release|Any CPU
		{1BECD742-1413-4553-B6CC-78E46447E8AE}.Release|Any CPU.Build.0 = Release|Any CPU
		{184978BC-5BAB-41D9-902A-6D630012BE03}.Debug|Any CPU.ActiveCfg = Debug|Any CPU
		{184978BC-5BAB-41D9-902A-6D630012BE03}.Debug|Any CPU.Build.0 = Debug|Any CPU
		{184978BC-5BAB-41D9-902A-6D630012BE03}.Release|Any CPU.ActiveCfg = Release|Any CPU
		{184978BC-5BAB-41D9-902A-6D630012BE03}.Release|Any CPU.Build.0 = Release|Any CPU
		{611B0E93-5A3C-413F-A1E9-6FACB21D383D}.Debug|Any CPU.ActiveCfg = Debug|Any CPU
		{611B0E93-5A3C-413F-A1E9-6FACB21D383D}.Debug|Any CPU.Build.0 = Debug|Any CPU
		{611B0E93-5A3C-413F-A1E9-6FACB21D383D}.Release|Any CPU.ActiveCfg = Release|Any CPU
		{611B0E93-5A3C-413F-A1E9-6FACB21D383D}.Release|Any CPU.Build.0 = Release|Any CPU
		{E92617D3-361E-4DFF-A560-54D965A9F17D}.Debug|Any CPU.ActiveCfg = Debug|Any CPU
		{E92617D3-361E-4DFF-A560-54D965A9F17D}.Debug|Any CPU.Build.0 = Debug|Any CPU
		{E92617D3-361E-4DFF-A560-54D965A9F17D}.Release|Any CPU.ActiveCfg = Release|Any CPU
		{E92617D3-361E-4DFF-A560-54D965A9F17D}.Release|Any CPU.Build.0 = Release|Any CPU
		{B75A0056-F8B3-4449-A3AB-52704DB0F159}.Debug|Any CPU.ActiveCfg = Debug|Any CPU
		{B75A0056-F8B3-4449-A3AB-52704DB0F159}.Debug|Any CPU.Build.0 = Debug|Any CPU
		{B75A0056-F8B3-4449-A3AB-52704DB0F159}.Release|Any CPU.ActiveCfg = Release|Any CPU
		{B75A0056-F8B3-4449-A3AB-52704DB0F159}.Release|Any CPU.Build.0 = Release|Any CPU
		{E55A6220-F7B7-48E4-ACDE-6743D9D60114}.Debug|Any CPU.ActiveCfg = Debug|Any CPU
		{E55A6220-F7B7-48E4-ACDE-6743D9D60114}.Debug|Any CPU.Build.0 = Debug|Any CPU
		{E55A6220-F7B7-48E4-ACDE-6743D9D60114}.Release|Any CPU.ActiveCfg = Release|Any CPU
		{E55A6220-F7B7-48E4-ACDE-6743D9D60114}.Release|Any CPU.Build.0 = Release|Any CPU
		{81DF50B8-5DBB-4C1F-ACC0-D1C69259FCAC}.Debug|Any CPU.ActiveCfg = Debug|Any CPU
		{81DF50B8-5DBB-4C1F-ACC0-D1C69259FCAC}.Debug|Any CPU.Build.0 = Debug|Any CPU
		{81DF50B8-5DBB-4C1F-ACC0-D1C69259FCAC}.Release|Any CPU.ActiveCfg = Release|Any CPU
		{81DF50B8-5DBB-4C1F-ACC0-D1C69259FCAC}.Release|Any CPU.Build.0 = Release|Any CPU
	EndGlobalSection
	GlobalSection(SolutionProperties) = preSolution
		HideSolutionNode = FALSE
	EndGlobalSection
	GlobalSection(NestedProjects) = preSolution
		{1A83A607-9ED5-4EE0-854C-05C0EA377FD2} = {2C855623-C735-4A5F-92F2-471E2DB49458}
		{C59F0C16-EA67-48C4-B4C2-8153C6E94AAE} = {1A83A607-9ED5-4EE0-854C-05C0EA377FD2}
		{C998567F-75DF-4585-85E1-12507DD3211D} = {C59F0C16-EA67-48C4-B4C2-8153C6E94AAE}
		{89010619-BD5C-4108-92FF-B1012D8DF6A6} = {2C855623-C735-4A5F-92F2-471E2DB49458}
		{0A75A451-8DBC-49D9-B36F-F7032B72900C} = {89010619-BD5C-4108-92FF-B1012D8DF6A6}
		{5C5F6EF3-19E2-4C3A-8A75-0C669676C167} = {1A83A607-9ED5-4EE0-854C-05C0EA377FD2}
		{2CA9C8CF-3658-4557-BB3C-771A5E7B7A92} = {5C5F6EF3-19E2-4C3A-8A75-0C669676C167}
		{50217222-78C2-4692-BFB1-FD4E4B5AA4B3} = {2CA9C8CF-3658-4557-BB3C-771A5E7B7A92}
		{DBF4DB4C-4CBC-4A85-8347-45B0A240A634} = {2CA9C8CF-3658-4557-BB3C-771A5E7B7A92}
		{93BEBB9C-46D6-4D46-BB6A-4B2B30C71ACA} = {2CA9C8CF-3658-4557-BB3C-771A5E7B7A92}
		{E1CD675C-2700-43EC-81FB-0BC4772F3960} = {2CA9C8CF-3658-4557-BB3C-771A5E7B7A92}
		{CB5B0950-4E86-4680-A99E-0E336DE8301C} = {5C5F6EF3-19E2-4C3A-8A75-0C669676C167}
		{39EA42C4-8B28-4E13-A55F-4CE1A0F49379} = {CB5B0950-4E86-4680-A99E-0E336DE8301C}
		{407E8F1C-6C28-4E37-9813-66C2C0F63EB4} = {CB5B0950-4E86-4680-A99E-0E336DE8301C}
		{CEFAB121-4054-4F9F-A4F6-CFB3BCE721B8} = {CB5B0950-4E86-4680-A99E-0E336DE8301C}
		{70AA0CE8-7743-4708-8B78-795B1A74EBCD} = {CB5B0950-4E86-4680-A99E-0E336DE8301C}
		{A77AC5FC-35C6-4C0D-B547-BA2753BFBFC4} = {4412EA5B-9EDB-409A-A798-38991BD985E2}
		{4412EA5B-9EDB-409A-A798-38991BD985E2} = {5C5F6EF3-19E2-4C3A-8A75-0C669676C167}
		{96C6BA78-57FD-4694-82B5-7C9E46BE155B} = {4412EA5B-9EDB-409A-A798-38991BD985E2}
		{1C36CE73-9552-4856-BB20-DA4ECF92C4A7} = {4412EA5B-9EDB-409A-A798-38991BD985E2}
		{1BECD742-1413-4553-B6CC-78E46447E8AE} = {4412EA5B-9EDB-409A-A798-38991BD985E2}
		{8E6809F7-5FF4-4CE6-907F-B2FC93F237A7} = {1A83A607-9ED5-4EE0-854C-05C0EA377FD2}
		{178D8D87-14C6-4E85-A079-2A95788054A3} = {2C855623-C735-4A5F-92F2-471E2DB49458}
		{85DD6067-2E88-485C-BAD5-3AA1805B58AD} = {178D8D87-14C6-4E85-A079-2A95788054A3}
		{7AA2F3C6-3216-402B-B6D8-0BEA282C4C0C} = {178D8D87-14C6-4E85-A079-2A95788054A3}
		{EECF6F21-E188-4A98-8920-3C88AF83C3EF} = {178D8D87-14C6-4E85-A079-2A95788054A3}
		{AF53AE7E-1B17-4AC0-BA9F-230167D8E3E0} = {178D8D87-14C6-4E85-A079-2A95788054A3}
		{34C996EE-E2C4-4929-A09A-896DAE13EF41} = {178D8D87-14C6-4E85-A079-2A95788054A3}
		{9FE2754D-D2C1-4430-B0B8-831D8B0ABC87} = {178D8D87-14C6-4E85-A079-2A95788054A3}
		{821A4D50-186F-48B8-94A2-28FCEC67D89B} = {178D8D87-14C6-4E85-A079-2A95788054A3}
		{611B0E93-5A3C-413F-A1E9-6FACB21D383D} = {178D8D87-14C6-4E85-A079-2A95788054A3}
		{E92617D3-361E-4DFF-A560-54D965A9F17D} = {178D8D87-14C6-4E85-A079-2A95788054A3}
		{B75A0056-F8B3-4449-A3AB-52704DB0F159} = {178D8D87-14C6-4E85-A079-2A95788054A3}
		{E55A6220-F7B7-48E4-ACDE-6743D9D60114} = {8E6809F7-5FF4-4CE6-907F-B2FC93F237A7}
		{81DF50B8-5DBB-4C1F-ACC0-D1C69259FCAC} = {178D8D87-14C6-4E85-A079-2A95788054A3}
	EndGlobalSection
	GlobalSection(ExtensibilityGlobals) = postSolution
		SolutionGuid = {B6CFA357-8DFC-4CC6-A57E-D1E92BBC71A6}
	EndGlobalSection
EndGlobal
