
Microsoft Visual Studio Solution File, Format Version 12.00
# Visual Studio Version 17
VisualStudioVersion = 17.1.32319.34
MinimumVisualStudioVersion = 10.0.40219.1
Project("{2150E333-8FDC-42A3-9474-1A3956D46DE8}") = "src", "src", "{2C855623-C735-4A5F-92F2-471E2DB49458}"
EndProject
Project("{2150E333-8FDC-42A3-9474-1A3956D46DE8}") = "back-end", "back-end", "{1A83A607-9ED5-4EE0-854C-05C0EA377FD2}"
EndProject
Project("{2150E333-8FDC-42A3-9474-1A3956D46DE8}") = "microservices", "microservices", "{F4177BC2-70F0-4973-AE6F-222969594A2D}"
EndProject
Project("{9A19103F-16F7-4668-BE54-9A1E7A4F7556}") = "IdentityService", "src\back-end\microservices\IdentityService\IdentityService.csproj", "{6A9E09B4-C10B-4B3E-8809-E8FEF0BDB78B}"
EndProject
Project("{2150E333-8FDC-42A3-9474-1A3956D46DE8}") = "gateways", "gateways", "{C59F0C16-EA67-48C4-B4C2-8153C6E94AAE}"
EndProject
Project("{9A19103F-16F7-4668-BE54-9A1E7A4F7556}") = "ApiGateway", "src\back-end\gateways\ApiGateway\ApiGateway.csproj", "{C998567F-75DF-4585-85E1-12507DD3211D}"
EndProject
Project("{E53339B2-1760-4266-BCC7-CA923CBCF16C}") = "docker-compose", "docker-compose.dcproj", "{DCBA0605-5014-4386-92CE-0FE015ED25EC}"
EndProject
Project("{9A19103F-16F7-4668-BE54-9A1E7A4F7556}") = "EnterpriseManagementSystem.Contracts", "src\back-end\packages\EnterpriseManagementSystem.Contracts\EnterpriseManagementSystem.Contracts.csproj", "{AF53AE7E-1B17-4AC0-BA9F-230167D8E3E0}"
EndProject
Project("{2150E333-8FDC-42A3-9474-1A3956D46DE8}") = "packages", "packages", "{1E5201C6-325F-42F9-82EE-77917772C1A4}"
EndProject
Project("{2150E333-8FDC-42A3-9474-1A3956D46DE8}") = "tests", "tests", "{85964933-9048-4BA2-933A-DD75FEFF0B53}"
EndProject
Project("{9A19103F-16F7-4668-BE54-9A1E7A4F7556}") = "IdentityService.UnitTests", "src\back-end\tests\IdentityService.UnitTests\IdentityService.UnitTests.csproj", "{30F5913C-5706-437C-A6DC-96200ABD7B5A}"
EndProject
Project("{9A19103F-16F7-4668-BE54-9A1E7A4F7556}") = "IdentityService.IntegrationTests", "src\back-end\tests\IdentityService.IntegrationTests\IdentityService.IntegrationTests.csproj", "{CCBF76EC-477F-4DCB-8C65-25A150AE4B35}"
EndProject
Project("{9A19103F-16F7-4668-BE54-9A1E7A4F7556}") = "IdentityService.FunctionalTests", "src\back-end\tests\IdentityService.FunctionalTests\IdentityService.FunctionalTests.csproj", "{0B8DA111-AA40-42DD-BA5C-43650EF9E11A}"
EndProject
Project("{9A19103F-16F7-4668-BE54-9A1E7A4F7556}") = "EnterpriseManagementSystem.JwtAuthorization", "src\back-end\packages\EnterpriseManagementSystem.JwtAuthorization\EnterpriseManagementSystem.JwtAuthorization.csproj", "{821A4D50-186F-48B8-94A2-28FCEC67D89B}"
EndProject
Project("{2150E333-8FDC-42A3-9474-1A3956D46DE8}") = "IdentityService", "IdentityService", "{83A96D21-A873-499F-8C9C-239954605D5C}"
EndProject
Project("{9A19103F-16F7-4668-BE54-9A1E7A4F7556}") = "EmailService", "src\back-end\microservices\EmailService\EmailService.csproj", "{6E535350-FADA-4E32-BC8B-1FC2A55B2AAB}"
EndProject
Project("{2150E333-8FDC-42A3-9474-1A3956D46DE8}") = "EmailService", "EmailService", "{7F60AEA2-BE70-40B2-9D4D-818078392723}"
EndProject
Project("{9A19103F-16F7-4668-BE54-9A1E7A4F7556}") = "EmailService.FunctionalTests", "src\back-end\tests\EmailService.FunctionalTests\EmailService.FunctionalTests.csproj", "{33886405-462E-4B1B-95CA-E30F8DDDDEDD}"
EndProject
Project("{9A19103F-16F7-4668-BE54-9A1E7A4F7556}") = "TaskService", "src\back-end\microservices\TaskService\TaskService.csproj", "{972043A5-77F0-4E80-A829-21155EEE39C0}"
EndProject
Project("{2150E333-8FDC-42A3-9474-1A3956D46DE8}") = "TaskService", "TaskService", "{FEA0D059-C079-4FF8-B507-51E246754CB1}"
EndProject
Project("{9A19103F-16F7-4668-BE54-9A1E7A4F7556}") = "TaskService.FunctionalTests", "src\back-end\tests\TaskService.FunctionalTests\TaskService.FunctionalTests.csproj", "{8A72BD0C-01F2-4A18-B245-2C9B75935908}"
EndProject
Project("{9A19103F-16F7-4668-BE54-9A1E7A4F7556}") = "EnterpriseManagementSystem.Contracts.Tests", "src\back-end\tests\EnterpriseManagementSystem.Contracts.Tests\EnterpriseManagementSystem.Contracts.Tests.csproj", "{CE9B9A08-B177-425E-862F-601F1ADE07D4}"
EndProject
Project("{9A19103F-16F7-4668-BE54-9A1E7A4F7556}") = "UserService", "src\back-end\microservices\UserService\UserService.csproj", "{3868A32F-439C-489E-9DB9-4ED24EEDDC79}"
EndProject
Project("{2150E333-8FDC-42A3-9474-1A3956D46DE8}") = "UserService", "UserService", "{633A409E-EDAB-4FD2-98AF-F749B8663328}"
EndProject
Project("{9A19103F-16F7-4668-BE54-9A1E7A4F7556}") = "UserService.FunctionalTests", "src\back-end\tests\UserService.FunctionalTests\UserService.FunctionalTests.csproj", "{42165D31-5D07-4A95-BE03-74E6819423BF}"
EndProject
Project("{9A19103F-16F7-4668-BE54-9A1E7A4F7556}") = "EnterpriseManagementSystem.BusinessModels", "src\back-end\packages\EnterpriseManagementSystem.BusinessModels\EnterpriseManagementSystem.BusinessModels.csproj", "{7AA2F3C6-3216-402B-B6D8-0BEA282C4C0C}"
EndProject
Project("{9A19103F-16F7-4668-BE54-9A1E7A4F7556}") = "EnterpriseManagementSystem.BusinessModels.Tests", "src\back-end\tests\EnterpriseManagementSystem.BusinessModels.Tests\EnterpriseManagementSystem.BusinessModels.Tests.csproj", "{D0924D9A-2842-4476-921B-56D3ACA65F4A}"
EndProject
Project("{2150E333-8FDC-42A3-9474-1A3956D46DE8}") = "front-end", "front-end", "{89010619-BD5C-4108-92FF-B1012D8DF6A6}"
EndProject
Project("{9A19103F-16F7-4668-BE54-9A1E7A4F7556}") = "ReactApp", "src\front-end\ReactApp\ReactApp.csproj", "{F696A180-AD1E-471B-B5E3-9A1573F0836A}"
EndProject
Project("{FAE04EC0-301F-11D3-BF4B-00C04F79EFBC}") = "AdminBlazorApp", "src\front-end\AdminBlazorApp\AdminBlazorApp.csproj", "{0A75A451-8DBC-49D9-B36F-F7032B72900C}"
EndProject
Global
	GlobalSection(SolutionConfigurationPlatforms) = preSolution
		Debug|Any CPU = Debug|Any CPU
		Release|Any CPU = Release|Any CPU
	EndGlobalSection
	GlobalSection(ProjectConfigurationPlatforms) = postSolution
		{6A9E09B4-C10B-4B3E-8809-E8FEF0BDB78B}.Debug|Any CPU.ActiveCfg = Debug|Any CPU
		{6A9E09B4-C10B-4B3E-8809-E8FEF0BDB78B}.Debug|Any CPU.Build.0 = Debug|Any CPU
		{6A9E09B4-C10B-4B3E-8809-E8FEF0BDB78B}.Release|Any CPU.ActiveCfg = Release|Any CPU
		{6A9E09B4-C10B-4B3E-8809-E8FEF0BDB78B}.Release|Any CPU.Build.0 = Release|Any CPU
		{C998567F-75DF-4585-85E1-12507DD3211D}.Debug|Any CPU.ActiveCfg = Debug|Any CPU
		{C998567F-75DF-4585-85E1-12507DD3211D}.Debug|Any CPU.Build.0 = Debug|Any CPU
		{C998567F-75DF-4585-85E1-12507DD3211D}.Release|Any CPU.ActiveCfg = Release|Any CPU
		{C998567F-75DF-4585-85E1-12507DD3211D}.Release|Any CPU.Build.0 = Release|Any CPU
		{DCBA0605-5014-4386-92CE-0FE015ED25EC}.Debug|Any CPU.ActiveCfg = Debug|Any CPU
		{DCBA0605-5014-4386-92CE-0FE015ED25EC}.Debug|Any CPU.Build.0 = Debug|Any CPU
		{DCBA0605-5014-4386-92CE-0FE015ED25EC}.Release|Any CPU.ActiveCfg = Release|Any CPU
		{DCBA0605-5014-4386-92CE-0FE015ED25EC}.Release|Any CPU.Build.0 = Release|Any CPU
		{AF53AE7E-1B17-4AC0-BA9F-230167D8E3E0}.Debug|Any CPU.ActiveCfg = Debug|Any CPU
		{AF53AE7E-1B17-4AC0-BA9F-230167D8E3E0}.Debug|Any CPU.Build.0 = Debug|Any CPU
		{AF53AE7E-1B17-4AC0-BA9F-230167D8E3E0}.Release|Any CPU.ActiveCfg = Release|Any CPU
		{AF53AE7E-1B17-4AC0-BA9F-230167D8E3E0}.Release|Any CPU.Build.0 = Release|Any CPU
		{30F5913C-5706-437C-A6DC-96200ABD7B5A}.Debug|Any CPU.ActiveCfg = Debug|Any CPU
		{30F5913C-5706-437C-A6DC-96200ABD7B5A}.Debug|Any CPU.Build.0 = Debug|Any CPU
		{30F5913C-5706-437C-A6DC-96200ABD7B5A}.Release|Any CPU.ActiveCfg = Release|Any CPU
		{30F5913C-5706-437C-A6DC-96200ABD7B5A}.Release|Any CPU.Build.0 = Release|Any CPU
		{CCBF76EC-477F-4DCB-8C65-25A150AE4B35}.Debug|Any CPU.ActiveCfg = Debug|Any CPU
		{CCBF76EC-477F-4DCB-8C65-25A150AE4B35}.Debug|Any CPU.Build.0 = Debug|Any CPU
		{CCBF76EC-477F-4DCB-8C65-25A150AE4B35}.Release|Any CPU.ActiveCfg = Release|Any CPU
		{CCBF76EC-477F-4DCB-8C65-25A150AE4B35}.Release|Any CPU.Build.0 = Release|Any CPU
		{0B8DA111-AA40-42DD-BA5C-43650EF9E11A}.Debug|Any CPU.ActiveCfg = Debug|Any CPU
		{0B8DA111-AA40-42DD-BA5C-43650EF9E11A}.Debug|Any CPU.Build.0 = Debug|Any CPU
		{0B8DA111-AA40-42DD-BA5C-43650EF9E11A}.Release|Any CPU.ActiveCfg = Release|Any CPU
		{0B8DA111-AA40-42DD-BA5C-43650EF9E11A}.Release|Any CPU.Build.0 = Release|Any CPU
		{821A4D50-186F-48B8-94A2-28FCEC67D89B}.Debug|Any CPU.ActiveCfg = Debug|Any CPU
		{821A4D50-186F-48B8-94A2-28FCEC67D89B}.Debug|Any CPU.Build.0 = Debug|Any CPU
		{821A4D50-186F-48B8-94A2-28FCEC67D89B}.Release|Any CPU.ActiveCfg = Release|Any CPU
		{821A4D50-186F-48B8-94A2-28FCEC67D89B}.Release|Any CPU.Build.0 = Release|Any CPU
		{6E535350-FADA-4E32-BC8B-1FC2A55B2AAB}.Debug|Any CPU.ActiveCfg = Debug|Any CPU
		{6E535350-FADA-4E32-BC8B-1FC2A55B2AAB}.Debug|Any CPU.Build.0 = Debug|Any CPU
		{6E535350-FADA-4E32-BC8B-1FC2A55B2AAB}.Release|Any CPU.ActiveCfg = Release|Any CPU
		{6E535350-FADA-4E32-BC8B-1FC2A55B2AAB}.Release|Any CPU.Build.0 = Release|Any CPU
		{33886405-462E-4B1B-95CA-E30F8DDDDEDD}.Debug|Any CPU.ActiveCfg = Debug|Any CPU
		{33886405-462E-4B1B-95CA-E30F8DDDDEDD}.Debug|Any CPU.Build.0 = Debug|Any CPU
		{33886405-462E-4B1B-95CA-E30F8DDDDEDD}.Release|Any CPU.ActiveCfg = Release|Any CPU
		{33886405-462E-4B1B-95CA-E30F8DDDDEDD}.Release|Any CPU.Build.0 = Release|Any CPU
		{972043A5-77F0-4E80-A829-21155EEE39C0}.Debug|Any CPU.ActiveCfg = Debug|Any CPU
		{972043A5-77F0-4E80-A829-21155EEE39C0}.Debug|Any CPU.Build.0 = Debug|Any CPU
		{972043A5-77F0-4E80-A829-21155EEE39C0}.Release|Any CPU.ActiveCfg = Release|Any CPU
		{972043A5-77F0-4E80-A829-21155EEE39C0}.Release|Any CPU.Build.0 = Release|Any CPU
		{8A72BD0C-01F2-4A18-B245-2C9B75935908}.Debug|Any CPU.ActiveCfg = Debug|Any CPU
		{8A72BD0C-01F2-4A18-B245-2C9B75935908}.Debug|Any CPU.Build.0 = Debug|Any CPU
		{8A72BD0C-01F2-4A18-B245-2C9B75935908}.Release|Any CPU.ActiveCfg = Release|Any CPU
		{8A72BD0C-01F2-4A18-B245-2C9B75935908}.Release|Any CPU.Build.0 = Release|Any CPU
		{CE9B9A08-B177-425E-862F-601F1ADE07D4}.Debug|Any CPU.ActiveCfg = Debug|Any CPU
		{CE9B9A08-B177-425E-862F-601F1ADE07D4}.Debug|Any CPU.Build.0 = Debug|Any CPU
		{CE9B9A08-B177-425E-862F-601F1ADE07D4}.Release|Any CPU.ActiveCfg = Release|Any CPU
		{CE9B9A08-B177-425E-862F-601F1ADE07D4}.Release|Any CPU.Build.0 = Release|Any CPU
		{3868A32F-439C-489E-9DB9-4ED24EEDDC79}.Debug|Any CPU.ActiveCfg = Debug|Any CPU
		{3868A32F-439C-489E-9DB9-4ED24EEDDC79}.Debug|Any CPU.Build.0 = Debug|Any CPU
		{3868A32F-439C-489E-9DB9-4ED24EEDDC79}.Release|Any CPU.ActiveCfg = Release|Any CPU
		{3868A32F-439C-489E-9DB9-4ED24EEDDC79}.Release|Any CPU.Build.0 = Release|Any CPU
		{42165D31-5D07-4A95-BE03-74E6819423BF}.Debug|Any CPU.ActiveCfg = Debug|Any CPU
		{42165D31-5D07-4A95-BE03-74E6819423BF}.Debug|Any CPU.Build.0 = Debug|Any CPU
		{42165D31-5D07-4A95-BE03-74E6819423BF}.Release|Any CPU.ActiveCfg = Release|Any CPU
		{42165D31-5D07-4A95-BE03-74E6819423BF}.Release|Any CPU.Build.0 = Release|Any CPU
		{7AA2F3C6-3216-402B-B6D8-0BEA282C4C0C}.Debug|Any CPU.ActiveCfg = Debug|Any CPU
		{7AA2F3C6-3216-402B-B6D8-0BEA282C4C0C}.Debug|Any CPU.Build.0 = Debug|Any CPU
		{7AA2F3C6-3216-402B-B6D8-0BEA282C4C0C}.Release|Any CPU.ActiveCfg = Release|Any CPU
		{7AA2F3C6-3216-402B-B6D8-0BEA282C4C0C}.Release|Any CPU.Build.0 = Release|Any CPU
		{D0924D9A-2842-4476-921B-56D3ACA65F4A}.Debug|Any CPU.ActiveCfg = Debug|Any CPU
		{D0924D9A-2842-4476-921B-56D3ACA65F4A}.Debug|Any CPU.Build.0 = Debug|Any CPU
		{D0924D9A-2842-4476-921B-56D3ACA65F4A}.Release|Any CPU.ActiveCfg = Release|Any CPU
		{D0924D9A-2842-4476-921B-56D3ACA65F4A}.Release|Any CPU.Build.0 = Release|Any CPU
		{F696A180-AD1E-471B-B5E3-9A1573F0836A}.Debug|Any CPU.ActiveCfg = Debug|Any CPU
		{F696A180-AD1E-471B-B5E3-9A1573F0836A}.Debug|Any CPU.Build.0 = Debug|Any CPU
		{F696A180-AD1E-471B-B5E3-9A1573F0836A}.Release|Any CPU.ActiveCfg = Release|Any CPU
		{F696A180-AD1E-471B-B5E3-9A1573F0836A}.Release|Any CPU.Build.0 = Release|Any CPU
		{0A75A451-8DBC-49D9-B36F-F7032B72900C}.Debug|Any CPU.ActiveCfg = Debug|Any CPU
		{0A75A451-8DBC-49D9-B36F-F7032B72900C}.Debug|Any CPU.Build.0 = Debug|Any CPU
		{0A75A451-8DBC-49D9-B36F-F7032B72900C}.Release|Any CPU.ActiveCfg = Release|Any CPU
		{0A75A451-8DBC-49D9-B36F-F7032B72900C}.Release|Any CPU.Build.0 = Release|Any CPU
	EndGlobalSection
	GlobalSection(SolutionProperties) = preSolution
		HideSolutionNode = FALSE
	EndGlobalSection
	GlobalSection(NestedProjects) = preSolution
		{1A83A607-9ED5-4EE0-854C-05C0EA377FD2} = {2C855623-C735-4A5F-92F2-471E2DB49458}
		{F4177BC2-70F0-4973-AE6F-222969594A2D} = {1A83A607-9ED5-4EE0-854C-05C0EA377FD2}
		{6A9E09B4-C10B-4B3E-8809-E8FEF0BDB78B} = {F4177BC2-70F0-4973-AE6F-222969594A2D}
		{C59F0C16-EA67-48C4-B4C2-8153C6E94AAE} = {1A83A607-9ED5-4EE0-854C-05C0EA377FD2}
		{C998567F-75DF-4585-85E1-12507DD3211D} = {C59F0C16-EA67-48C4-B4C2-8153C6E94AAE}
		{AF53AE7E-1B17-4AC0-BA9F-230167D8E3E0} = {1E5201C6-325F-42F9-82EE-77917772C1A4}
		{1E5201C6-325F-42F9-82EE-77917772C1A4} = {1A83A607-9ED5-4EE0-854C-05C0EA377FD2}
		{85964933-9048-4BA2-933A-DD75FEFF0B53} = {1A83A607-9ED5-4EE0-854C-05C0EA377FD2}
		{30F5913C-5706-437C-A6DC-96200ABD7B5A} = {83A96D21-A873-499F-8C9C-239954605D5C}
		{CCBF76EC-477F-4DCB-8C65-25A150AE4B35} = {83A96D21-A873-499F-8C9C-239954605D5C}
		{0B8DA111-AA40-42DD-BA5C-43650EF9E11A} = {83A96D21-A873-499F-8C9C-239954605D5C}
		{821A4D50-186F-48B8-94A2-28FCEC67D89B} = {1E5201C6-325F-42F9-82EE-77917772C1A4}
		{83A96D21-A873-499F-8C9C-239954605D5C} = {85964933-9048-4BA2-933A-DD75FEFF0B53}
		{6E535350-FADA-4E32-BC8B-1FC2A55B2AAB} = {F4177BC2-70F0-4973-AE6F-222969594A2D}
		{7F60AEA2-BE70-40B2-9D4D-818078392723} = {85964933-9048-4BA2-933A-DD75FEFF0B53}
		{33886405-462E-4B1B-95CA-E30F8DDDDEDD} = {7F60AEA2-BE70-40B2-9D4D-818078392723}
		{972043A5-77F0-4E80-A829-21155EEE39C0} = {F4177BC2-70F0-4973-AE6F-222969594A2D}
		{FEA0D059-C079-4FF8-B507-51E246754CB1} = {85964933-9048-4BA2-933A-DD75FEFF0B53}
		{8A72BD0C-01F2-4A18-B245-2C9B75935908} = {FEA0D059-C079-4FF8-B507-51E246754CB1}
		{CE9B9A08-B177-425E-862F-601F1ADE07D4} = {85964933-9048-4BA2-933A-DD75FEFF0B53}
		{3868A32F-439C-489E-9DB9-4ED24EEDDC79} = {F4177BC2-70F0-4973-AE6F-222969594A2D}
		{633A409E-EDAB-4FD2-98AF-F749B8663328} = {85964933-9048-4BA2-933A-DD75FEFF0B53}
		{42165D31-5D07-4A95-BE03-74E6819423BF} = {633A409E-EDAB-4FD2-98AF-F749B8663328}
		{7AA2F3C6-3216-402B-B6D8-0BEA282C4C0C} = {1E5201C6-325F-42F9-82EE-77917772C1A4}
		{D0924D9A-2842-4476-921B-56D3ACA65F4A} = {85964933-9048-4BA2-933A-DD75FEFF0B53}
		{89010619-BD5C-4108-92FF-B1012D8DF6A6} = {2C855623-C735-4A5F-92F2-471E2DB49458}
		{F696A180-AD1E-471B-B5E3-9A1573F0836A} = {89010619-BD5C-4108-92FF-B1012D8DF6A6}
		{0A75A451-8DBC-49D9-B36F-F7032B72900C} = {89010619-BD5C-4108-92FF-B1012D8DF6A6}
	EndGlobalSection
	GlobalSection(ExtensibilityGlobals) = postSolution
		SolutionGuid = {B6CFA357-8DFC-4CC6-A57E-D1E92BBC71A6}
	EndGlobalSection
EndGlobal
